
Microsoft Visual Studio Solution File, Format Version 12.00
# Visual Studio Version 17
VisualStudioVersion = 17.0.32126.317
MinimumVisualStudioVersion = 10.0.40219.1
Project("{FAE04EC0-301F-11D3-BF4B-00C04F79EFBC}") = "WdCal", "WdCal.csproj", "{26950E05-0B9C-4387-88C4-1562E50FA6E8}"
EndProject
Global
	GlobalSection(SolutionConfigurationPlatforms) = preSolution
		Debug|Any CPU = Debug|Any CPU
		Release|Any CPU = Release|Any CPU
	EndGlobalSection
	GlobalSection(ProjectConfigurationPlatforms) = postSolution
		{26950E05-0B9C-4387-88C4-1562E50FA6E8}.Debug|Any CPU.ActiveCfg = Debug|Any CPU
		{26950E05-0B9C-4387-88C4-1562E50FA6E8}.Debug|Any CPU.Build.0 = Debug|Any CPU
		{26950E05-0B9C-4387-88C4-1562E50FA6E8}.Release|Any CPU.ActiveCfg = Release|Any CPU
		{26950E05-0B9C-4387-88C4-1562E50FA6E8}.Release|Any CPU.Build.0 = Release|Any CPU
	EndGlobalSection
	GlobalSection(SolutionProperties) = preSolution
		HideSolutionNode = FALSE
	EndGlobalSection
	GlobalSection(ExtensibilityGlobals) = postSolution
		SolutionGuid = {65A00CD8-593E-462D-83DE-3AB070A8663E}
	EndGlobalSection
EndGlobal
